// !$*UTF8*$!
{
	archiveVersion = 1;
	classes = {
	};
	objectVersion = 56;
	objects = {

/* Begin PBXBuildFile section */
		7874ED462D5A8C7A000119B4 /* GuideDetail.swift in Sources */ = {isa = PBXBuildFile; fileRef = 7874ED452D5A8C7A000119B4 /* GuideDetail.swift */; };
		7874ED482D5A91AD000119B4 /* TermsModel.swift in Sources */ = {isa = PBXBuildFile; fileRef = 7874ED472D5A91AD000119B4 /* TermsModel.swift */; };
		7874ED4B2D5A96F4000119B4 /* TermDetail.swift in Sources */ = {isa = PBXBuildFile; fileRef = 7874ED4A2D5A96F4000119B4 /* TermDetail.swift */; };
		7874ED4E2D5A9B8F000119B4 /* PairsView.swift in Sources */ = {isa = PBXBuildFile; fileRef = 7874ED4D2D5A9B8F000119B4 /* PairsView.swift */; };
		7874ED502D5AA9F7000119B4 /* R1.swift in Sources */ = {isa = PBXBuildFile; fileRef = 7874ED4F2D5AA9F7000119B4 /* R1.swift */; };
		787762D02D57A2EB0086EC1F /* BA_App1218App.swift in Sources */ = {isa = PBXBuildFile; fileRef = 787762CF2D57A2EB0086EC1F /* BA_App1218App.swift */; };
		787762D22D57A2EB0086EC1F /* ContentView.swift in Sources */ = {isa = PBXBuildFile; fileRef = 787762D12D57A2EB0086EC1F /* ContentView.swift */; };
		787762D42D57A2EC0086EC1F /* Assets.xcassets in Resources */ = {isa = PBXBuildFile; fileRef = 787762D32D57A2EC0086EC1F /* Assets.xcassets */; };
		787762D82D57A2EC0086EC1F /* Preview Assets.xcassets in Resources */ = {isa = PBXBuildFile; fileRef = 787762D72D57A2EC0086EC1F /* Preview Assets.xcassets */; };
		787762EB2D57A9240086EC1F /* GuidesView.swift in Sources */ = {isa = PBXBuildFile; fileRef = 787762EA2D57A9240086EC1F /* GuidesView.swift */; };
		787762ED2D57A92D0086EC1F /* GuidesViewModel.swift in Sources */ = {isa = PBXBuildFile; fileRef = 787762EC2D57A92D0086EC1F /* GuidesViewModel.swift */; };
		787762EF2D57A9340086EC1F /* TermsView.swift in Sources */ = {isa = PBXBuildFile; fileRef = 787762EE2D57A9340086EC1F /* TermsView.swift */; };
		787762F12D57A93C0086EC1F /* TermsViewModel.swift in Sources */ = {isa = PBXBuildFile; fileRef = 787762F02D57A93C0086EC1F /* TermsViewModel.swift */; };
		787762F32D57A9460086EC1F /* ScheduleView.swift in Sources */ = {isa = PBXBuildFile; fileRef = 787762F22D57A9460086EC1F /* ScheduleView.swift */; };
		787762F52D57A94C0086EC1F /* ScheduleViewModel.swift in Sources */ = {isa = PBXBuildFile; fileRef = 787762F42D57A94C0086EC1F /* ScheduleViewModel.swift */; };
		787762F72D57A9530086EC1F /* SettingsView.swift in Sources */ = {isa = PBXBuildFile; fileRef = 787762F62D57A9530086EC1F /* SettingsView.swift */; };
		787762F92D57A95E0086EC1F /* Array.swift in Sources */ = {isa = PBXBuildFile; fileRef = 787762F82D57A95E0086EC1F /* Array.swift */; };
		787762FB2D57A97B0086EC1F /* TabBar.swift in Sources */ = {isa = PBXBuildFile; fileRef = 787762FA2D57A97B0086EC1F /* TabBar.swift */; };
		787762FD2D57A9890086EC1F /* LoadingView.swift in Sources */ = {isa = PBXBuildFile; fileRef = 787762FC2D57A9890086EC1F /* LoadingView.swift */; };
		787762FF2D57A98F0086EC1F /* Launch Screen.storyboard in Resources */ = {isa = PBXBuildFile; fileRef = 787762FE2D57A98F0086EC1F /* Launch Screen.storyboard */; };
		787763012D57ABDE0086EC1F /* GuidesModel.swift in Sources */ = {isa = PBXBuildFile; fileRef = 787763002D57ABDE0086EC1F /* GuidesModel.swift */; };
		788381862D68D50700CEB9B5 /* Svert.swift in Sources */ = {isa = PBXBuildFile; fileRef = 788381852D68D50700CEB9B5 /* Svert.swift */; };
		788381882D68D51100CEB9B5 /* Wgew.swift in Sources */ = {isa = PBXBuildFile; fileRef = 788381872D68D51100CEB9B5 /* Wgew.swift */; };
		7883818A2D68D51900CEB9B5 /* Dder.swift in Sources */ = {isa = PBXBuildFile; fileRef = 788381892D68D51900CEB9B5 /* Dder.swift */; };
		7883818C2D6B563300CEB9B5 /* Us1.swift in Sources */ = {isa = PBXBuildFile; fileRef = 7883818B2D6B563300CEB9B5 /* Us1.swift */; };
		7883818E2D6B564200CEB9B5 /* Us2.swift in Sources */ = {isa = PBXBuildFile; fileRef = 7883818D2D6B564200CEB9B5 /* Us2.swift */; };
/* End PBXBuildFile section */

/* Begin PBXFileReference section */
		7874ED452D5A8C7A000119B4 /* GuideDetail.swift */ = {isa = PBXFileReference; lastKnownFileType = sourcecode.swift; path = GuideDetail.swift; sourceTree = "<group>"; };
		7874ED472D5A91AD000119B4 /* TermsModel.swift */ = {isa = PBXFileReference; lastKnownFileType = sourcecode.swift; path = TermsModel.swift; sourceTree = "<group>"; };
		7874ED4A2D5A96F4000119B4 /* TermDetail.swift */ = {isa = PBXFileReference; lastKnownFileType = sourcecode.swift; path = TermDetail.swift; sourceTree = "<group>"; };
		7874ED4D2D5A9B8F000119B4 /* PairsView.swift */ = {isa = PBXFileReference; lastKnownFileType = sourcecode.swift; path = PairsView.swift; sourceTree = "<group>"; };
		7874ED4F2D5AA9F7000119B4 /* R1.swift */ = {isa = PBXFileReference; lastKnownFileType = sourcecode.swift; path = R1.swift; sourceTree = "<group>"; };
		787762CC2D57A2EB0086EC1F /* BA_App1218.app */ = {isa = PBXFileReference; explicitFileType = wrapper.application; includeInIndex = 0; path = BA_App1218.app; sourceTree = BUILT_PRODUCTS_DIR; };
		787762CF2D57A2EB0086EC1F /* BA_App1218App.swift */ = {isa = PBXFileReference; lastKnownFileType = sourcecode.swift; path = BA_App1218App.swift; sourceTree = "<group>"; };
		787762D12D57A2EB0086EC1F /* ContentView.swift */ = {isa = PBXFileReference; lastKnownFileType = sourcecode.swift; path = ContentView.swift; sourceTree = "<group>"; };
		787762D32D57A2EC0086EC1F /* Assets.xcassets */ = {isa = PBXFileReference; lastKnownFileType = folder.assetcatalog; path = Assets.xcassets; sourceTree = "<group>"; };
		787762D52D57A2EC0086EC1F /* BA_App1218.entitlements */ = {isa = PBXFileReference; lastKnownFileType = text.plist.entitlements; path = BA_App1218.entitlements; sourceTree = "<group>"; };
		787762D72D57A2EC0086EC1F /* Preview Assets.xcassets */ = {isa = PBXFileReference; lastKnownFileType = folder.assetcatalog; path = "Preview Assets.xcassets"; sourceTree = "<group>"; };
		787762EA2D57A9240086EC1F /* GuidesView.swift */ = {isa = PBXFileReference; lastKnownFileType = sourcecode.swift; path = GuidesView.swift; sourceTree = "<group>"; };
		787762EC2D57A92D0086EC1F /* GuidesViewModel.swift */ = {isa = PBXFileReference; lastKnownFileType = sourcecode.swift; path = GuidesViewModel.swift; sourceTree = "<group>"; };
		787762EE2D57A9340086EC1F /* TermsView.swift */ = {isa = PBXFileReference; lastKnownFileType = sourcecode.swift; path = TermsView.swift; sourceTree = "<group>"; };
		787762F02D57A93C0086EC1F /* TermsViewModel.swift */ = {isa = PBXFileReference; lastKnownFileType = sourcecode.swift; path = TermsViewModel.swift; sourceTree = "<group>"; };
		787762F22D57A9460086EC1F /* ScheduleView.swift */ = {isa = PBXFileReference; lastKnownFileType = sourcecode.swift; path = ScheduleView.swift; sourceTree = "<group>"; };
		787762F42D57A94C0086EC1F /* ScheduleViewModel.swift */ = {isa = PBXFileReference; lastKnownFileType = sourcecode.swift; path = ScheduleViewModel.swift; sourceTree = "<group>"; };
		787762F62D57A9530086EC1F /* SettingsView.swift */ = {isa = PBXFileReference; lastKnownFileType = sourcecode.swift; path = SettingsView.swift; sourceTree = "<group>"; };
		787762F82D57A95E0086EC1F /* Array.swift */ = {isa = PBXFileReference; lastKnownFileType = sourcecode.swift; path = Array.swift; sourceTree = "<group>"; };
		787762FA2D57A97B0086EC1F /* TabBar.swift */ = {isa = PBXFileReference; lastKnownFileType = sourcecode.swift; path = TabBar.swift; sourceTree = "<group>"; };
		787762FC2D57A9890086EC1F /* LoadingView.swift */ = {isa = PBXFileReference; lastKnownFileType = sourcecode.swift; path = LoadingView.swift; sourceTree = "<group>"; };
		787762FE2D57A98F0086EC1F /* Launch Screen.storyboard */ = {isa = PBXFileReference; lastKnownFileType = file.storyboard; path = "Launch Screen.storyboard"; sourceTree = "<group>"; };
		787763002D57ABDE0086EC1F /* GuidesModel.swift */ = {isa = PBXFileReference; lastKnownFileType = sourcecode.swift; path = GuidesModel.swift; sourceTree = "<group>"; };
		788381852D68D50700CEB9B5 /* Svert.swift */ = {isa = PBXFileReference; lastKnownFileType = sourcecode.swift; path = Svert.swift; sourceTree = "<group>"; };
		788381872D68D51100CEB9B5 /* Wgew.swift */ = {isa = PBXFileReference; lastKnownFileType = sourcecode.swift; path = Wgew.swift; sourceTree = "<group>"; };
		788381892D68D51900CEB9B5 /* Dder.swift */ = {isa = PBXFileReference; lastKnownFileType = sourcecode.swift; path = Dder.swift; sourceTree = "<group>"; };
		7883818B2D6B563300CEB9B5 /* Us1.swift */ = {isa = PBXFileReference; lastKnownFileType = sourcecode.swift; path = Us1.swift; sourceTree = "<group>"; };
		7883818D2D6B564200CEB9B5 /* Us2.swift */ = {isa = PBXFileReference; lastKnownFileType = sourcecode.swift; path = Us2.swift; sourceTree = "<group>"; };
/* End PBXFileReference section */

/* Begin PBXFrameworksBuildPhase section */
		787762C92D57A2EB0086EC1F /* Frameworks */ = {
			isa = PBXFrameworksBuildPhase;
			buildActionMask = 2147483647;
			files = (
			);
			runOnlyForDeploymentPostprocessing = 0;
		};
/* End PBXFrameworksBuildPhase section */

/* Begin PBXGroup section */
		7874ED442D5A8C6F000119B4 /* GuideDetail */ = {
			isa = PBXGroup;
			children = (
				7874ED452D5A8C7A000119B4 /* GuideDetail.swift */,
			);
			path = GuideDetail;
			sourceTree = "<group>";
		};
		7874ED492D5A96E8000119B4 /* TermDetail */ = {
			isa = PBXGroup;
			children = (
				7874ED4A2D5A96F4000119B4 /* TermDetail.swift */,
			);
			path = TermDetail;
			sourceTree = "<group>";
		};
		7874ED4C2D5A9B85000119B4 /* PairsView */ = {
			isa = PBXGroup;
			children = (
				7874ED4D2D5A9B8F000119B4 /* PairsView.swift */,
			);
			path = PairsView;
			sourceTree = "<group>";
		};
		787762C32D57A2EB0086EC1F = {
			isa = PBXGroup;
			children = (
				787762CE2D57A2EB0086EC1F /* BA_App1218 */,
				787762CD2D57A2EB0086EC1F /* Products */,
			);
			sourceTree = "<group>";
		};
		787762CD2D57A2EB0086EC1F /* Products */ = {
			isa = PBXGroup;
			children = (
				787762CC2D57A2EB0086EC1F /* BA_App1218.app */,
			);
			name = Products;
			sourceTree = "<group>";
		};
		787762CE2D57A2EB0086EC1F /* BA_App1218 */ = {
			isa = PBXGroup;
			children = (
				787762DE2D57A3120086EC1F /* All */,
				787762CF2D57A2EB0086EC1F /* BA_App1218App.swift */,
				787762D12D57A2EB0086EC1F /* ContentView.swift */,
				787762D32D57A2EC0086EC1F /* Assets.xcassets */,
				787762D52D57A2EC0086EC1F /* BA_App1218.entitlements */,
				787762D62D57A2EC0086EC1F /* Preview Content */,
			);
			path = BA_App1218;
			sourceTree = "<group>";
		};
		787762D62D57A2EC0086EC1F /* Preview Content */ = {
			isa = PBXGroup;
			children = (
				787762D72D57A2EC0086EC1F /* Preview Assets.xcassets */,
			);
			path = "Preview Content";
			sourceTree = "<group>";
		};
		787762DE2D57A3120086EC1F /* All */ = {
			isa = PBXGroup;
			children = (
				787762E22D57A3240086EC1F /* Views */,
				787762E12D57A31F0086EC1F /* Extensions */,
				787762E02D57A31A0086EC1F /* TabBar */,
				787762DF2D57A3160086EC1F /* Start */,
			);
			path = All;
			sourceTree = "<group>";
		};
		787762DF2D57A3160086EC1F /* Start */ = {
			isa = PBXGroup;
			children = (
				787762E52D57A3370086EC1F /* OB */,
				787762E42D57A32F0086EC1F /* Loading */,
				787762E32D57A3290086EC1F /* Launch */,
			);
			path = Start;
			sourceTree = "<group>";
		};
		787762E02D57A31A0086EC1F /* TabBar */ = {
			isa = PBXGroup;
			children = (
				787762FA2D57A97B0086EC1F /* TabBar.swift */,
			);
			path = TabBar;
			sourceTree = "<group>";
		};
		787762E12D57A31F0086EC1F /* Extensions */ = {
			isa = PBXGroup;
			children = (
				787762F82D57A95E0086EC1F /* Array.swift */,
				788381852D68D50700CEB9B5 /* Svert.swift */,
				788381872D68D51100CEB9B5 /* Wgew.swift */,
				788381892D68D51900CEB9B5 /* Dder.swift */,
			);
			path = Extensions;
			sourceTree = "<group>";
		};
		787762E22D57A3240086EC1F /* Views */ = {
			isa = PBXGroup;
			children = (
				787762E92D57A3550086EC1F /* Settings */,
				787762E82D57A34F0086EC1F /* Schedule */,
				787762E72D57A34A0086EC1F /* Terms */,
				787762E62D57A3450086EC1F /* Guides */,
			);
			path = Views;
			sourceTree = "<group>";
		};
		787762E32D57A3290086EC1F /* Launch */ = {
			isa = PBXGroup;
			children = (
				787762FE2D57A98F0086EC1F /* Launch Screen.storyboard */,
			);
			path = Launch;
			sourceTree = "<group>";
		};
		787762E42D57A32F0086EC1F /* Loading */ = {
			isa = PBXGroup;
			children = (
				787762FC2D57A9890086EC1F /* LoadingView.swift */,
			);
			path = Loading;
			sourceTree = "<group>";
		};
		787762E52D57A3370086EC1F /* OB */ = {
			isa = PBXGroup;
			children = (
				7874ED4F2D5AA9F7000119B4 /* R1.swift */,
				7883818B2D6B563300CEB9B5 /* Us1.swift */,
				7883818D2D6B564200CEB9B5 /* Us2.swift */,
			);
			path = OB;
			sourceTree = "<group>";
		};
		787762E62D57A3450086EC1F /* Guides */ = {
			isa = PBXGroup;
			children = (
				7874ED442D5A8C6F000119B4 /* GuideDetail */,
				787762EA2D57A9240086EC1F /* GuidesView.swift */,
				787763002D57ABDE0086EC1F /* GuidesModel.swift */,
				787762EC2D57A92D0086EC1F /* GuidesViewModel.swift */,
			);
			path = Guides;
			sourceTree = "<group>";
		};
		787762E72D57A34A0086EC1F /* Terms */ = {
			isa = PBXGroup;
			children = (
				7874ED492D5A96E8000119B4 /* TermDetail */,
				787762EE2D57A9340086EC1F /* TermsView.swift */,
				7874ED472D5A91AD000119B4 /* TermsModel.swift */,
				787762F02D57A93C0086EC1F /* TermsViewModel.swift */,
			);
			path = Terms;
			sourceTree = "<group>";
		};
		787762E82D57A34F0086EC1F /* Schedule */ = {
			isa = PBXGroup;
			children = (
				7874ED4C2D5A9B85000119B4 /* PairsView */,
				787762F22D57A9460086EC1F /* ScheduleView.swift */,
				787762F42D57A94C0086EC1F /* ScheduleViewModel.swift */,
			);
			path = Schedule;
			sourceTree = "<group>";
		};
		787762E92D57A3550086EC1F /* Settings */ = {
			isa = PBXGroup;
			children = (
				787762F62D57A9530086EC1F /* SettingsView.swift */,
			);
			path = Settings;
			sourceTree = "<group>";
		};
/* End PBXGroup section */

/* Begin PBXNativeTarget section */
		787762CB2D57A2EB0086EC1F /* BA_App1218 */ = {
			isa = PBXNativeTarget;
			buildConfigurationList = 787762DB2D57A2EC0086EC1F /* Build configuration list for PBXNativeTarget "BA_App1218" */;
			buildPhases = (
				787762C82D57A2EB0086EC1F /* Sources */,
				787762C92D57A2EB0086EC1F /* Frameworks */,
				787762CA2D57A2EB0086EC1F /* Resources */,
			);
			buildRules = (
			);
			dependencies = (
			);
			name = BA_App1218;
			productName = BA_App1218;
			productReference = 787762CC2D57A2EB0086EC1F /* BA_App1218.app */;
			productType = "com.apple.product-type.application";
		};
/* End PBXNativeTarget section */

/* Begin PBXProject section */
		787762C42D57A2EB0086EC1F /* Project object */ = {
			isa = PBXProject;
			attributes = {
				BuildIndependentTargetsInParallel = 1;
				LastSwiftUpdateCheck = 1540;
				LastUpgradeCheck = 1540;
				TargetAttributes = {
					787762CB2D57A2EB0086EC1F = {
						CreatedOnToolsVersion = 15.4;
					};
				};
			};
			buildConfigurationList = 787762C72D57A2EB0086EC1F /* Build configuration list for PBXProject "BA_App1218" */;
			compatibilityVersion = "Xcode 14.0";
			developmentRegion = en;
			hasScannedForEncodings = 0;
			knownRegions = (
				en,
				Base,
			);
			mainGroup = 787762C32D57A2EB0086EC1F;
			productRefGroup = 787762CD2D57A2EB0086EC1F /* Products */;
			projectDirPath = "";
			projectRoot = "";
			targets = (
				787762CB2D57A2EB0086EC1F /* BA_App1218 */,
			);
		};
/* End PBXProject section */

/* Begin PBXResourcesBuildPhase section */
		787762CA2D57A2EB0086EC1F /* Resources */ = {
			isa = PBXResourcesBuildPhase;
			buildActionMask = 2147483647;
			files = (
				787762FF2D57A98F0086EC1F /* Launch Screen.storyboard in Resources */,
				787762D82D57A2EC0086EC1F /* Preview Assets.xcassets in Resources */,
				787762D42D57A2EC0086EC1F /* Assets.xcassets in Resources */,
			);
			runOnlyForDeploymentPostprocessing = 0;
		};
/* End PBXResourcesBuildPhase section */

/* Begin PBXSourcesBuildPhase section */
		787762C82D57A2EB0086EC1F /* Sources */ = {
			isa = PBXSourcesBuildPhase;
			buildActionMask = 2147483647;
			files = (
				787762D22D57A2EB0086EC1F /* ContentView.swift in Sources */,
				788381862D68D50700CEB9B5 /* Svert.swift in Sources */,
				787762F92D57A95E0086EC1F /* Array.swift in Sources */,
				7874ED502D5AA9F7000119B4 /* R1.swift in Sources */,
				787762ED2D57A92D0086EC1F /* GuidesViewModel.swift in Sources */,
				787762F12D57A93C0086EC1F /* TermsViewModel.swift in Sources */,
				787762F72D57A9530086EC1F /* SettingsView.swift in Sources */,
				7883818A2D68D51900CEB9B5 /* Dder.swift in Sources */,
				787762FD2D57A9890086EC1F /* LoadingView.swift in Sources */,
				7874ED4B2D5A96F4000119B4 /* TermDetail.swift in Sources */,
				787762F52D57A94C0086EC1F /* ScheduleViewModel.swift in Sources */,
				7874ED462D5A8C7A000119B4 /* GuideDetail.swift in Sources */,
				787762F32D57A9460086EC1F /* ScheduleView.swift in Sources */,
				787762EF2D57A9340086EC1F /* TermsView.swift in Sources */,
				7883818E2D6B564200CEB9B5 /* Us2.swift in Sources */,
				787762FB2D57A97B0086EC1F /* TabBar.swift in Sources */,
				787762D02D57A2EB0086EC1F /* BA_App1218App.swift in Sources */,
				787762EB2D57A9240086EC1F /* GuidesView.swift in Sources */,
				7874ED482D5A91AD000119B4 /* TermsModel.swift in Sources */,
				787763012D57ABDE0086EC1F /* GuidesModel.swift in Sources */,
				7883818C2D6B563300CEB9B5 /* Us1.swift in Sources */,
				7874ED4E2D5A9B8F000119B4 /* PairsView.swift in Sources */,
				788381882D68D51100CEB9B5 /* Wgew.swift in Sources */,
			);
			runOnlyForDeploymentPostprocessing = 0;
		};
/* End PBXSourcesBuildPhase section */

/* Begin XCBuildConfiguration section */
		787762D92D57A2EC0086EC1F /* Debug */ = {
			isa = XCBuildConfiguration;
			buildSettings = {
				ALWAYS_SEARCH_USER_PATHS = NO;
				ASSETCATALOG_COMPILER_GENERATE_SWIFT_ASSET_SYMBOL_EXTENSIONS = YES;
				CLANG_ANALYZER_NONNULL = YES;
				CLANG_ANALYZER_NUMBER_OBJECT_CONVERSION = YES_AGGRESSIVE;
				CLANG_CXX_LANGUAGE_STANDARD = "gnu++20";
				CLANG_ENABLE_MODULES = YES;
				CLANG_ENABLE_OBJC_ARC = YES;
				CLANG_ENABLE_OBJC_WEAK = YES;
				CLANG_WARN_BLOCK_CAPTURE_AUTORELEASING = YES;
				CLANG_WARN_BOOL_CONVERSION = YES;
				CLANG_WARN_COMMA = YES;
				CLANG_WARN_CONSTANT_CONVERSION = YES;
				CLANG_WARN_DEPRECATED_OBJC_IMPLEMENTATIONS = YES;
				CLANG_WARN_DIRECT_OBJC_ISA_USAGE = YES_ERROR;
				CLANG_WARN_DOCUMENTATION_COMMENTS = YES;
				CLANG_WARN_EMPTY_BODY = YES;
				CLANG_WARN_ENUM_CONVERSION = YES;
				CLANG_WARN_INFINITE_RECURSION = YES;
				CLANG_WARN_INT_CONVERSION = YES;
				CLANG_WARN_NON_LITERAL_NULL_CONVERSION = YES;
				CLANG_WARN_OBJC_IMPLICIT_RETAIN_SELF = YES;
				CLANG_WARN_OBJC_LITERAL_CONVERSION = YES;
				CLANG_WARN_OBJC_ROOT_CLASS = YES_ERROR;
				CLANG_WARN_QUOTED_INCLUDE_IN_FRAMEWORK_HEADER = YES;
				CLANG_WARN_RANGE_LOOP_ANALYSIS = YES;
				CLANG_WARN_STRICT_PROTOTYPES = YES;
				CLANG_WARN_SUSPICIOUS_MOVE = YES;
				CLANG_WARN_UNGUARDED_AVAILABILITY = YES_AGGRESSIVE;
				CLANG_WARN_UNREACHABLE_CODE = YES;
				CLANG_WARN__DUPLICATE_METHOD_MATCH = YES;
				COPY_PHASE_STRIP = NO;
				DEBUG_INFORMATION_FORMAT = dwarf;
				ENABLE_STRICT_OBJC_MSGSEND = YES;
				ENABLE_TESTABILITY = YES;
				ENABLE_USER_SCRIPT_SANDBOXING = YES;
				GCC_C_LANGUAGE_STANDARD = gnu17;
				GCC_DYNAMIC_NO_PIC = NO;
				GCC_NO_COMMON_BLOCKS = YES;
				GCC_OPTIMIZATION_LEVEL = 0;
				GCC_PREPROCESSOR_DEFINITIONS = (
					"DEBUG=1",
					"$(inherited)",
				);
				GCC_WARN_64_TO_32_BIT_CONVERSION = YES;
				GCC_WARN_ABOUT_RETURN_TYPE = YES_ERROR;
				GCC_WARN_UNDECLARED_SELECTOR = YES;
				GCC_WARN_UNINITIALIZED_AUTOS = YES_AGGRESSIVE;
				GCC_WARN_UNUSED_FUNCTION = YES;
				GCC_WARN_UNUSED_VARIABLE = YES;
				LOCALIZATION_PREFERS_STRING_CATALOGS = YES;
				MTL_ENABLE_DEBUG_INFO = INCLUDE_SOURCE;
				MTL_FAST_MATH = YES;
				ONLY_ACTIVE_ARCH = YES;
				SWIFT_ACTIVE_COMPILATION_CONDITIONS = "DEBUG $(inherited)";
				SWIFT_OPTIMIZATION_LEVEL = "-Onone";
			};
			name = Debug;
		};
		787762DA2D57A2EC0086EC1F /* Release */ = {
			isa = XCBuildConfiguration;
			buildSettings = {
				ALWAYS_SEARCH_USER_PATHS = NO;
				ASSETCATALOG_COMPILER_GENERATE_SWIFT_ASSET_SYMBOL_EXTENSIONS = YES;
				CLANG_ANALYZER_NONNULL = YES;
				CLANG_ANALYZER_NUMBER_OBJECT_CONVERSION = YES_AGGRESSIVE;
				CLANG_CXX_LANGUAGE_STANDARD = "gnu++20";
				CLANG_ENABLE_MODULES = YES;
				CLANG_ENABLE_OBJC_ARC = YES;
				CLANG_ENABLE_OBJC_WEAK = YES;
				CLANG_WARN_BLOCK_CAPTURE_AUTORELEASING = YES;
				CLANG_WARN_BOOL_CONVERSION = YES;
				CLANG_WARN_COMMA = YES;
				CLANG_WARN_CONSTANT_CONVERSION = YES;
				CLANG_WARN_DEPRECATED_OBJC_IMPLEMENTATIONS = YES;
				CLANG_WARN_DIRECT_OBJC_ISA_USAGE = YES_ERROR;
				CLANG_WARN_DOCUMENTATION_COMMENTS = YES;
				CLANG_WARN_EMPTY_BODY = YES;
				CLANG_WARN_ENUM_CONVERSION = YES;
				CLANG_WARN_INFINITE_RECURSION = YES;
				CLANG_WARN_INT_CONVERSION = YES;
				CLANG_WARN_NON_LITERAL_NULL_CONVERSION = YES;
				CLANG_WARN_OBJC_IMPLICIT_RETAIN_SELF = YES;
				CLANG_WARN_OBJC_LITERAL_CONVERSION = YES;
				CLANG_WARN_OBJC_ROOT_CLASS = YES_ERROR;
				CLANG_WARN_QUOTED_INCLUDE_IN_FRAMEWORK_HEADER = YES;
				CLANG_WARN_RANGE_LOOP_ANALYSIS = YES;
				CLANG_WARN_STRICT_PROTOTYPES = YES;
				CLANG_WARN_SUSPICIOUS_MOVE = YES;
				CLANG_WARN_UNGUARDED_AVAILABILITY = YES_AGGRESSIVE;
				CLANG_WARN_UNREACHABLE_CODE = YES;
				CLANG_WARN__DUPLICATE_METHOD_MATCH = YES;
				COPY_PHASE_STRIP = NO;
				DEBUG_INFORMATION_FORMAT = "dwarf-with-dsym";
				ENABLE_NS_ASSERTIONS = NO;
				ENABLE_STRICT_OBJC_MSGSEND = YES;
				ENABLE_USER_SCRIPT_SANDBOXING = YES;
				GCC_C_LANGUAGE_STANDARD = gnu17;
				GCC_NO_COMMON_BLOCKS = YES;
				GCC_WARN_64_TO_32_BIT_CONVERSION = YES;
				GCC_WARN_ABOUT_RETURN_TYPE = YES_ERROR;
				GCC_WARN_UNDECLARED_SELECTOR = YES;
				GCC_WARN_UNINITIALIZED_AUTOS = YES_AGGRESSIVE;
				GCC_WARN_UNUSED_FUNCTION = YES;
				GCC_WARN_UNUSED_VARIABLE = YES;
				LOCALIZATION_PREFERS_STRING_CATALOGS = YES;
				MTL_ENABLE_DEBUG_INFO = NO;
				MTL_FAST_MATH = YES;
				SWIFT_COMPILATION_MODE = wholemodule;
			};
			name = Release;
		};
		787762DC2D57A2EC0086EC1F /* Debug */ = {
			isa = XCBuildConfiguration;
			buildSettings = {
				ASSETCATALOG_COMPILER_APPICON_NAME = AppIcon;
				ASSETCATALOG_COMPILER_GLOBAL_ACCENT_COLOR_NAME = AccentColor;
				CODE_SIGN_ENTITLEMENTS = BA_App1218/BA_App1218.entitlements;
				CODE_SIGN_STYLE = Automatic;
				CURRENT_PROJECT_VERSION = 1;
				DEVELOPMENT_ASSET_PATHS = "\"BA_App1218/Preview Content\"";
				ENABLE_PREVIEWS = YES;
				GENERATE_INFOPLIST_FILE = YES;
				INFOPLIST_KEY_CFBundleDisplayName = "ǪX:Financial coach";
				"INFOPLIST_KEY_UIApplicationSceneManifest_Generation[sdk=iphoneos*]" = YES;
				"INFOPLIST_KEY_UIApplicationSceneManifest_Generation[sdk=iphonesimulator*]" = YES;
				"INFOPLIST_KEY_UIApplicationSupportsIndirectInputEvents[sdk=iphoneos*]" = YES;
				"INFOPLIST_KEY_UIApplicationSupportsIndirectInputEvents[sdk=iphonesimulator*]" = YES;
				"INFOPLIST_KEY_UILaunchScreen_Generation[sdk=iphoneos*]" = YES;
				"INFOPLIST_KEY_UILaunchScreen_Generation[sdk=iphonesimulator*]" = YES;
				INFOPLIST_KEY_UILaunchStoryboardName = "Launch Screen.storyboard";
				"INFOPLIST_KEY_UIStatusBarStyle[sdk=iphoneos*]" = UIStatusBarStyleDefault;
				"INFOPLIST_KEY_UIStatusBarStyle[sdk=iphonesimulator*]" = UIStatusBarStyleDefault;
				INFOPLIST_KEY_UISupportedInterfaceOrientations = UIInterfaceOrientationPortrait;
				INFOPLIST_KEY_UISupportedInterfaceOrientations_iPad = "UIInterfaceOrientationLandscapeLeft UIInterfaceOrientationLandscapeRight UIInterfaceOrientationPortrait UIInterfaceOrientationPortraitUpsideDown";
				IPHONEOS_DEPLOYMENT_TARGET = 14.0;
				LD_RUNPATH_SEARCH_PATHS = "@executable_path/Frameworks";
				"LD_RUNPATH_SEARCH_PATHS[sdk=macosx*]" = "@executable_path/../Frameworks";
				MACOSX_DEPLOYMENT_TARGET = 14.1;
				MARKETING_VERSION = 1.1;
				PRODUCT_BUNDLE_IDENTIFIER = "IOI.BA-App1218";
				PRODUCT_NAME = "$(TARGET_NAME)";
				SDKROOT = auto;
				SUPPORTED_PLATFORMS = "iphoneos iphonesimulator";
				SUPPORTS_MACCATALYST = NO;
				SWIFT_EMIT_LOC_STRINGS = YES;
				SWIFT_VERSION = 5.0;
				TARGETED_DEVICE_FAMILY = 1;
			};
			name = Debug;
		};
		787762DD2D57A2EC0086EC1F /* Release */ = {
			isa = XCBuildConfiguration;
			buildSettings = {
				ASSETCATALOG_COMPILER_APPICON_NAME = AppIcon;
				ASSETCATALOG_COMPILER_GLOBAL_ACCENT_COLOR_NAME = AccentColor;
				CODE_SIGN_ENTITLEMENTS = BA_App1218/BA_App1218.entitlements;
				CODE_SIGN_STYLE = Automatic;
				CURRENT_PROJECT_VERSION = 1;
				DEVELOPMENT_ASSET_PATHS = "\"BA_App1218/Preview Content\"";
				ENABLE_PREVIEWS = YES;
				GENERATE_INFOPLIST_FILE = YES;
				INFOPLIST_KEY_CFBundleDisplayName = "ǪX:Financial coach";
				"INFOPLIST_KEY_UIApplicationSceneManifest_Generation[sdk=iphoneos*]" = YES;
				"INFOPLIST_KEY_UIApplicationSceneManifest_Generation[sdk=iphonesimulator*]" = YES;
				"INFOPLIST_KEY_UIApplicationSupportsIndirectInputEvents[sdk=iphoneos*]" = YES;
				"INFOPLIST_KEY_UIApplicationSupportsIndirectInputEvents[sdk=iphonesimulator*]" = YES;
				"INFOPLIST_KEY_UILaunchScreen_Generation[sdk=iphoneos*]" = YES;
				"INFOPLIST_KEY_UILaunchScreen_Generation[sdk=iphonesimulator*]" = YES;
				INFOPLIST_KEY_UILaunchStoryboardName = "Launch Screen.storyboard";
				"INFOPLIST_KEY_UIStatusBarStyle[sdk=iphoneos*]" = UIStatusBarStyleDefault;
				"INFOPLIST_KEY_UIStatusBarStyle[sdk=iphonesimulator*]" = UIStatusBarStyleDefault;
				INFOPLIST_KEY_UISupportedInterfaceOrientations = UIInterfaceOrientationPortrait;
				INFOPLIST_KEY_UISupportedInterfaceOrientations_iPad = "UIInterfaceOrientationLandscapeLeft UIInterfaceOrientationLandscapeRight UIInterfaceOrientationPortrait UIInterfaceOrientationPortraitUpsideDown";
				IPHONEOS_DEPLOYMENT_TARGET = 14.0;
				LD_RUNPATH_SEARCH_PATHS = "@executable_path/Frameworks";
				"LD_RUNPATH_SEARCH_PATHS[sdk=macosx*]" = "@executable_path/../Frameworks";
				MACOSX_DEPLOYMENT_TARGET = 14.1;
				MARKETING_VERSION = 1.1;
				PRODUCT_BUNDLE_IDENTIFIER = "IOI.BA-App1218";
				PRODUCT_NAME = "$(TARGET_NAME)";
				SDKROOT = auto;
				SUPPORTED_PLATFORMS = "iphoneos iphonesimulator";
				SUPPORTS_MACCATALYST = NO;
				SWIFT_EMIT_LOC_STRINGS = YES;
				SWIFT_VERSION = 5.0;
				TARGETED_DEVICE_FAMILY = 1;
			};
			name = Release;
		};
/* End XCBuildConfiguration section */

/* Begin XCConfigurationList section */
		787762C72D57A2EB0086EC1F /* Build configuration list for PBXProject "BA_App1218" */ = {
			isa = XCConfigurationList;
			buildConfigurations = (
				787762D92D57A2EC0086EC1F /* Debug */,
				787762DA2D57A2EC0086EC1F /* Release */,
			);
			defaultConfigurationIsVisible = 0;
			defaultConfigurationName = Release;
		};
		787762DB2D57A2EC0086EC1F /* Build configuration list for PBXNativeTarget "BA_App1218" */ = {
			isa = XCConfigurationList;
			buildConfigurations = (
				787762DC2D57A2EC0086EC1F /* Debug */,
				787762DD2D57A2EC0086EC1F /* Release */,
			);
			defaultConfigurationIsVisible = 0;
			defaultConfigurationName = Release;
		};
/* End XCConfigurationList section */
	};
	rootObject = 787762C42D57A2EB0086EC1F /* Project object */;
}
